
Microsoft Visual Studio Solution File, Format Version 12.00
# Visual Studio Version 17
VisualStudioVersion = 17.5.33530.505
MinimumVisualStudioVersion = 10.0.40219.1
Project("{8BC9CEB8-8B4A-11D0-8D11-00A0C91BC942}") = "Sortirovochki_2", "Sortirovochki_2\Sortirovochki_2.vcxproj", "{DBC1C6F2-56B2-41E0-A391-3C0B7B91E974}"
EndProject
Project("{8BC9CEB8-8B4A-11D0-8D11-00A0C91BC942}") = "Testiki", "Testiki\Testiki.vcxproj", "{00624E12-28FF-4207-B776-6370ED3113CD}"
EndProject
Global
	GlobalSection(SolutionConfigurationPlatforms) = preSolution
		Debug|x64 = Debug|x64
		Debug|x86 = Debug|x86
		Release|x64 = Release|x64
		Release|x86 = Release|x86
	EndGlobalSection
	GlobalSection(ProjectConfigurationPlatforms) = postSolution
		{DBC1C6F2-56B2-41E0-A391-3C0B7B91E974}.Debug|x64.ActiveCfg = Debug|x64
		{DBC1C6F2-56B2-41E0-A391-3C0B7B91E974}.Debug|x64.Build.0 = Debug|x64
		{DBC1C6F2-56B2-41E0-A391-3C0B7B91E974}.Debug|x86.ActiveCfg = Debug|Win32
		{DBC1C6F2-56B2-41E0-A391-3C0B7B91E974}.Debug|x86.Build.0 = Debug|Win32
		{DBC1C6F2-56B2-41E0-A391-3C0B7B91E974}.Release|x64.ActiveCfg = Release|x64
		{DBC1C6F2-56B2-41E0-A391-3C0B7B91E974}.Release|x64.Build.0 = Release|x64
		{DBC1C6F2-56B2-41E0-A391-3C0B7B91E974}.Release|x86.ActiveCfg = Release|Win32
		{DBC1C6F2-56B2-41E0-A391-3C0B7B91E974}.Release|x86.Build.0 = Release|Win32
		{00624E12-28FF-4207-B776-6370ED3113CD}.Debug|x64.ActiveCfg = Debug|x64
		{00624E12-28FF-4207-B776-6370ED3113CD}.Debug|x64.Build.0 = Debug|x64
		{00624E12-28FF-4207-B776-6370ED3113CD}.Debug|x86.ActiveCfg = Debug|Win32
		{00624E12-28FF-4207-B776-6370ED3113CD}.Debug|x86.Build.0 = Debug|Win32
		{00624E12-28FF-4207-B776-6370ED3113CD}.Release|x64.ActiveCfg = Release|x64
		{00624E12-28FF-4207-B776-6370ED3113CD}.Release|x64.Build.0 = Release|x64
		{00624E12-28FF-4207-B776-6370ED3113CD}.Release|x86.ActiveCfg = Release|Win32
		{00624E12-28FF-4207-B776-6370ED3113CD}.Release|x86.Build.0 = Release|Win32
	EndGlobalSection
	GlobalSection(SolutionProperties) = preSolution
		HideSolutionNode = FALSE
	EndGlobalSection
	GlobalSection(ExtensibilityGlobals) = postSolution
		SolutionGuid = {73525FCD-888B-44D2-B76F-C9F6F1648657}
	EndGlobalSection
EndGlobal
